
Microsoft Visual Studio Solution File, Format Version 12.00
# Visual Studio Version 17
VisualStudioVersion = 17.1.32407.343
MinimumVisualStudioVersion = 10.0.40219.1
Project("{9A19103F-16F7-4668-BE54-9A1E7A4F7556}") = "BlackBeltApp", "TesteCRUD\BlackBeltApp.csproj", "{57BEE7CB-BFE0-4955-A51E-BBD59C1D4948}"
EndProject
Global
	GlobalSection(SolutionConfigurationPlatforms) = preSolution
		Debug|Any CPU = Debug|Any CPU
		Release|Any CPU = Release|Any CPU
	EndGlobalSection
	GlobalSection(ProjectConfigurationPlatforms) = postSolution
		{57BEE7CB-BFE0-4955-A51E-BBD59C1D4948}.Debug|Any CPU.ActiveCfg = Debug|Any CPU
		{57BEE7CB-BFE0-4955-A51E-BBD59C1D4948}.Debug|Any CPU.Build.0 = Debug|Any CPU
		{57BEE7CB-BFE0-4955-A51E-BBD59C1D4948}.Release|Any CPU.ActiveCfg = Release|Any CPU
		{57BEE7CB-BFE0-4955-A51E-BBD59C1D4948}.Release|Any CPU.Build.0 = Release|Any CPU
	EndGlobalSection
	GlobalSection(SolutionProperties) = preSolution
		HideSolutionNode = FALSE
	EndGlobalSection
	GlobalSection(ExtensibilityGlobals) = postSolution
		SolutionGuid = {AF393B1C-643C-4906-B825-3913327090C0}
	EndGlobalSection
EndGlobal
